ocr_model_training/train/images
ocr_model_training/val/images
ocr_model_training/test/images
ocr_model_training/train/labels.json
ocr_model_training/val/labels.json
ocr_model_training/test/labels.json
ocr_model_training/doctr
ocr_model_training/doctr_editable_installed.flag
ocr_model_training/doctr_deps_installed.flag
models_pushed.flag
ocr_model_training/dataset/images
ocr_model_training/dataset/labels.json
ocr_model_training/dataset.zip
ocr_model_training/dataset/labels.csv
ocr_model_training/doctr
ocr_model_training/doctr/pyproject.toml
models/model_checkpoints.flag
models/scores.json
ocr_model_training/train/images
ocr_model_training/train/labels.json
ocr_model_training/val/images
ocr_model_training/val/labels.json
ocr_model_training/test/images
ocr_model_training/test/labels.json
